// !$*UTF8*$!
{
	archiveVersion = 1;
	classes = {
	};
	objectVersion = 50;
	objects = {

/* Begin PBXBuildFile section */
		3B0D4CDF2359A08E00AAB123 /* CustomUICollectionView.swift in Sources */ = {isa = PBXBuildFile; fileRef = 3B0D4CDE2359A08E00AAB123 /* CustomUICollectionView.swift */; };
		3B0D4CE12359A63200AAB123 /* UIImageExtention.swift in Sources */ = {isa = PBXBuildFile; fileRef = 3B0D4CE02359A63200AAB123 /* UIImageExtention.swift */; };
		3B0D4CE32359A6C500AAB123 /* RecommendationViewController.swift in Sources */ = {isa = PBXBuildFile; fileRef = 3B0D4CE22359A6C500AAB123 /* RecommendationViewController.swift */; };
		3B0E20F92355CFF9005C5644 /* AppDelegate.swift in Sources */ = {isa = PBXBuildFile; fileRef = 3B0E20F82355CFF9005C5644 /* AppDelegate.swift */; };
		3B0E20FB2355CFF9005C5644 /* SceneDelegate.swift in Sources */ = {isa = PBXBuildFile; fileRef = 3B0E20FA2355CFF9005C5644 /* SceneDelegate.swift */; };
		3B0E20FD2355CFF9005C5644 /* CategoryController.swift in Sources */ = {isa = PBXBuildFile; fileRef = 3B0E20FC2355CFF9005C5644 /* CategoryController.swift */; };
		3B0E21002355CFF9005C5644 /* Main.storyboard in Resources */ = {isa = PBXBuildFile; fileRef = 3B0E20FE2355CFF9005C5644 /* Main.storyboard */; };
		3B0E21022355D007005C5644 /* Assets.xcassets in Resources */ = {isa = PBXBuildFile; fileRef = 3B0E21012355D007005C5644 /* Assets.xcassets */; };
		3B0E21052355D007005C5644 /* LaunchScreen.storyboard in Resources */ = {isa = PBXBuildFile; fileRef = 3B0E21032355D007005C5644 /* LaunchScreen.storyboard */; };
		3B0E21102355D007005C5644 /* craftTests.swift in Sources */ = {isa = PBXBuildFile; fileRef = 3B0E210F2355D007005C5644 /* craftTests.swift */; };
		3B0E211B2355D008005C5644 /* craftUITests.swift in Sources */ = {isa = PBXBuildFile; fileRef = 3B0E211A2355D008005C5644 /* craftUITests.swift */; };
		3B0E212D2355D17F005C5644 /* Aisha Script.ttf in Resources */ = {isa = PBXBuildFile; fileRef = 3B0E212C2355D17F005C5644 /* Aisha Script.ttf */; };
		3B0E21302355D3D2005C5644 /* ColorExtentions.swift in Sources */ = {isa = PBXBuildFile; fileRef = 3B0E212F2355D3D2005C5644 /* ColorExtentions.swift */; };
		3B0E21352355D902005C5644 /* TitleView.swift in Sources */ = {isa = PBXBuildFile; fileRef = 3B0E21342355D902005C5644 /* TitleView.swift */; };
		3B0E21392355D9A9005C5644 /* TitleView.xib in Resources */ = {isa = PBXBuildFile; fileRef = 3B0E21382355D9A9005C5644 /* TitleView.xib */; };
		3B0E213B2355E07E005C5644 /* TitleStackView.swift in Sources */ = {isa = PBXBuildFile; fileRef = 3B0E213A2355E07E005C5644 /* TitleStackView.swift */; };
		3B33B0F523684DC3001FEF5F /* PinLayout.swift in Sources */ = {isa = PBXBuildFile; fileRef = 3B33B0F423684DC3001FEF5F /* PinLayout.swift */; };
		3B4D923C235EE58900B973CD /* ProductCell.swift in Sources */ = {isa = PBXBuildFile; fileRef = 3B4D923B235EE58900B973CD /* ProductCell.swift */; };
		3B4D923F235EE6DF00B973CD /* Product.swift in Sources */ = {isa = PBXBuildFile; fileRef = 3B4D923E235EE6DF00B973CD /* Product.swift */; };
		3B4D9241235EEA8C00B973CD /* PremetiveExtension.swift in Sources */ = {isa = PBXBuildFile; fileRef = 3B4D9240235EEA8C00B973CD /* PremetiveExtension.swift */; };
		3B4D9244235EFA1700B973CD /* ProductLayout.swift in Sources */ = {isa = PBXBuildFile; fileRef = 3B4D9243235EFA1700B973CD /* ProductLayout.swift */; };
		3B7D74FD235F3AAF0016BF9E /* AnimationViewController.swift in Sources */ = {isa = PBXBuildFile; fileRef = 3B7D74FC235F3AAF0016BF9E /* AnimationViewController.swift */; };
		3B7E9AAE23618FE100894EE5 /* PopAnimation.swift in Sources */ = {isa = PBXBuildFile; fileRef = 3B7E9AAD23618FE100894EE5 /* PopAnimation.swift */; };
		3BA8AE65235641230014D342 /* Montserrat-SemiBold.ttf in Resources */ = {isa = PBXBuildFile; fileRef = 3BA8AE53235641210014D342 /* Montserrat-SemiBold.ttf */; };
		3BA8AE66235641230014D342 /* Montserrat-ThinItalic.ttf in Resources */ = {isa = PBXBuildFile; fileRef = 3BA8AE54235641210014D342 /* Montserrat-ThinItalic.ttf */; };
		3BA8AE67235641230014D342 /* Montserrat-ExtraLightItalic.ttf in Resources */ = {isa = PBXBuildFile; fileRef = 3BA8AE55235641210014D342 /* Montserrat-ExtraLightItalic.ttf */; };
		3BA8AE68235641230014D342 /* Montserrat-MediumItalic.ttf in Resources */ = {isa = PBXBuildFile; fileRef = 3BA8AE56235641210014D342 /* Montserrat-MediumItalic.ttf */; };
		3BA8AE69235641230014D342 /* Montserrat-ExtraBoldItalic.ttf in Resources */ = {isa = PBXBuildFile; fileRef = 3BA8AE57235641210014D342 /* Montserrat-ExtraBoldItalic.ttf */; };
		3BA8AE6A235641230014D342 /* Montserrat-Medium.ttf in Resources */ = {isa = PBXBuildFile; fileRef = 3BA8AE58235641210014D342 /* Montserrat-Medium.ttf */; };
		3BA8AE6B235641230014D342 /* Montserrat-ExtraLight.ttf in Resources */ = {isa = PBXBuildFile; fileRef = 3BA8AE59235641220014D342 /* Montserrat-ExtraLight.ttf */; };
		3BA8AE6C235641230014D342 /* Montserrat-Black.ttf in Resources */ = {isa = PBXBuildFile; fileRef = 3BA8AE5A235641220014D342 /* Montserrat-Black.ttf */; };
		3BA8AE6D235641230014D342 /* Montserrat-BoldItalic.ttf in Resources */ = {isa = PBXBuildFile; fileRef = 3BA8AE5B235641220014D342 /* Montserrat-BoldItalic.ttf */; };
		3BA8AE6E235641230014D342 /* Montserrat-LightItalic.ttf in Resources */ = {isa = PBXBuildFile; fileRef = 3BA8AE5C235641220014D342 /* Montserrat-LightItalic.ttf */; };
		3BA8AE6F235641230014D342 /* Montserrat-Regular.ttf in Resources */ = {isa = PBXBuildFile; fileRef = 3BA8AE5D235641220014D342 /* Montserrat-Regular.ttf */; };
		3BA8AE70235641230014D342 /* Montserrat-SemiBoldItalic.ttf in Resources */ = {isa = PBXBuildFile; fileRef = 3BA8AE5E235641220014D342 /* Montserrat-SemiBoldItalic.ttf */; };
		3BA8AE71235641230014D342 /* Montserrat-ExtraBold.ttf in Resources */ = {isa = PBXBuildFile; fileRef = 3BA8AE5F235641220014D342 /* Montserrat-ExtraBold.ttf */; };
		3BA8AE72235641230014D342 /* Montserrat-Thin.ttf in Resources */ = {isa = PBXBuildFile; fileRef = 3BA8AE60235641230014D342 /* Montserrat-Thin.ttf */; };
		3BA8AE73235641230014D342 /* Montserrat-Light.ttf in Resources */ = {isa = PBXBuildFile; fileRef = 3BA8AE61235641230014D342 /* Montserrat-Light.ttf */; };
		3BA8AE74235641230014D342 /* Montserrat-Bold.ttf in Resources */ = {isa = PBXBuildFile; fileRef = 3BA8AE62235641230014D342 /* Montserrat-Bold.ttf */; };
		3BA8AE75235641230014D342 /* Montserrat-Italic.ttf in Resources */ = {isa = PBXBuildFile; fileRef = 3BA8AE63235641230014D342 /* Montserrat-Italic.ttf */; };
		3BA8AE76235641230014D342 /* Montserrat-BlackItalic.ttf in Resources */ = {isa = PBXBuildFile; fileRef = 3BA8AE64235641230014D342 /* Montserrat-BlackItalic.ttf */; };
		3BA8AE79235648D20014D342 /* UIButtonExtention.swift in Sources */ = {isa = PBXBuildFile; fileRef = 3BA8AE78235648D20014D342 /* UIButtonExtention.swift */; };
		3BD172942368303200230C36 /* PhotoCell.swift in Sources */ = {isa = PBXBuildFile; fileRef = 3BD172932368303200230C36 /* PhotoCell.swift */; };
		3BDE3D1E2366C483007BC297 /* BaseViewController.swift in Sources */ = {isa = PBXBuildFile; fileRef = 3BDE3D1D2366C483007BC297 /* BaseViewController.swift */; };
		3BF3BA032358011E00F6A903 /* DetailViewController.swift in Sources */ = {isa = PBXBuildFile; fileRef = 3BF3BA022358011E00F6A903 /* DetailViewController.swift */; };
/* End PBXBuildFile section */

/* Begin PBXContainerItemProxy section */
		3B0E210C2355D007005C5644 /* PBXContainerItemProxy */ = {
			isa = PBXContainerItemProxy;
			containerPortal = 3B0E20ED2355CFF9005C5644 /* Project object */;
			proxyType = 1;
			remoteGlobalIDString = 3B0E20F42355CFF9005C5644;
			remoteInfo = craft;
		};
		3B0E21172355D008005C5644 /* PBXContainerItemProxy */ = {
			isa = PBXContainerItemProxy;
			containerPortal = 3B0E20ED2355CFF9005C5644 /* Project object */;
			proxyType = 1;
			remoteGlobalIDString = 3B0E20F42355CFF9005C5644;
			remoteInfo = craft;
		};
/* End PBXContainerItemProxy section */

/* Begin PBXFileReference section */
		3B0D4CDE2359A08E00AAB123 /* CustomUICollectionView.swift */ = {isa = PBXFileReference; lastKnownFileType = sourcecode.swift; path = CustomUICollectionView.swift; sourceTree = "<group>"; };
		3B0D4CE02359A63200AAB123 /* UIImageExtention.swift */ = {isa = PBXFileReference; lastKnownFileType = sourcecode.swift; path = UIImageExtention.swift; sourceTree = "<group>"; };
		3B0D4CE22359A6C500AAB123 /* RecommendationViewController.swift */ = {isa = PBXFileReference; lastKnownFileType = sourcecode.swift; path = RecommendationViewController.swift; sourceTree = "<group>"; };
		3B0E20F52355CFF9005C5644 /* craft.app */ = {isa = PBXFileReference; explicitFileType = wrapper.application; includeInIndex = 0; path = craft.app; sourceTree = BUILT_PRODUCTS_DIR; };
		3B0E20F82355CFF9005C5644 /* AppDelegate.swift */ = {isa = PBXFileReference; lastKnownFileType = sourcecode.swift; path = AppDelegate.swift; sourceTree = "<group>"; };
		3B0E20FA2355CFF9005C5644 /* SceneDelegate.swift */ = {isa = PBXFileReference; lastKnownFileType = sourcecode.swift; path = SceneDelegate.swift; sourceTree = "<group>"; };
		3B0E20FC2355CFF9005C5644 /* CategoryController.swift */ = {isa = PBXFileReference; lastKnownFileType = sourcecode.swift; path = CategoryController.swift; sourceTree = "<group>"; };
		3B0E20FF2355CFF9005C5644 /* Base */ = {isa = PBXFileReference; lastKnownFileType = file.storyboard; name = Base; path = Base.lproj/Main.storyboard; sourceTree = "<group>"; };
		3B0E21012355D007005C5644 /* Assets.xcassets */ = {isa = PBXFileReference; lastKnownFileType = folder.assetcatalog; path = Assets.xcassets; sourceTree = "<group>"; };
		3B0E21042355D007005C5644 /* Base */ = {isa = PBXFileReference; lastKnownFileType = file.storyboard; name = Base; path = Base.lproj/LaunchScreen.storyboard; sourceTree = "<group>"; };
		3B0E21062355D007005C5644 /* Info.plist */ = {isa = PBXFileReference; lastKnownFileType = text.plist.xml; path = Info.plist; sourceTree = "<group>"; };
		3B0E210B2355D007005C5644 /* craftTests.xctest */ = {isa = PBXFileReference; explicitFileType = wrapper.cfbundle; includeInIndex = 0; path = craftTests.xctest; sourceTree = BUILT_PRODUCTS_DIR; };
		3B0E210F2355D007005C5644 /* craftTests.swift */ = {isa = PBXFileReference; lastKnownFileType = sourcecode.swift; path = craftTests.swift; sourceTree = "<group>"; };
		3B0E21112355D007005C5644 /* Info.plist */ = {isa = PBXFileReference; lastKnownFileType = text.plist.xml; path = Info.plist; sourceTree = "<group>"; };
		3B0E21162355D008005C5644 /* craftUITests.xctest */ = {isa = PBXFileReference; explicitFileType = wrapper.cfbundle; includeInIndex = 0; path = craftUITests.xctest; sourceTree = BUILT_PRODUCTS_DIR; };
		3B0E211A2355D008005C5644 /* craftUITests.swift */ = {isa = PBXFileReference; lastKnownFileType = sourcecode.swift; path = craftUITests.swift; sourceTree = "<group>"; };
		3B0E211C2355D008005C5644 /* Info.plist */ = {isa = PBXFileReference; lastKnownFileType = text.plist.xml; path = Info.plist; sourceTree = "<group>"; };
		3B0E212C2355D17F005C5644 /* Aisha Script.ttf */ = {isa = PBXFileReference; lastKnownFileType = file; path = "Aisha Script.ttf"; sourceTree = "<group>"; };
		3B0E212F2355D3D2005C5644 /* ColorExtentions.swift */ = {isa = PBXFileReference; lastKnownFileType = sourcecode.swift; path = ColorExtentions.swift; sourceTree = "<group>"; };
		3B0E21342355D902005C5644 /* TitleView.swift */ = {isa = PBXFileReference; lastKnownFileType = sourcecode.swift; path = TitleView.swift; sourceTree = "<group>"; };
		3B0E21382355D9A9005C5644 /* TitleView.xib */ = {isa = PBXFileReference; lastKnownFileType = file.xib; path = TitleView.xib; sourceTree = "<group>"; };
		3B0E213A2355E07E005C5644 /* TitleStackView.swift */ = {isa = PBXFileReference; lastKnownFileType = sourcecode.swift; path = TitleStackView.swift; sourceTree = "<group>"; };
		3B33B0F423684DC3001FEF5F /* PinLayout.swift */ = {isa = PBXFileReference; lastKnownFileType = sourcecode.swift; path = PinLayout.swift; sourceTree = "<group>"; };
		3B4D923B235EE58900B973CD /* ProductCell.swift */ = {isa = PBXFileReference; lastKnownFileType = sourcecode.swift; path = ProductCell.swift; sourceTree = "<group>"; };
		3B4D923E235EE6DF00B973CD /* Product.swift */ = {isa = PBXFileReference; lastKnownFileType = sourcecode.swift; path = Product.swift; sourceTree = "<group>"; };
		3B4D9240235EEA8C00B973CD /* PremetiveExtension.swift */ = {isa = PBXFileReference; lastKnownFileType = sourcecode.swift; path = PremetiveExtension.swift; sourceTree = "<group>"; };
		3B4D9243235EFA1700B973CD /* ProductLayout.swift */ = {isa = PBXFileReference; lastKnownFileType = sourcecode.swift; path = ProductLayout.swift; sourceTree = "<group>"; };
		3B7D74FC235F3AAF0016BF9E /* AnimationViewController.swift */ = {isa = PBXFileReference; lastKnownFileType = sourcecode.swift; path = AnimationViewController.swift; sourceTree = "<group>"; };
		3B7E9AAD23618FE100894EE5 /* PopAnimation.swift */ = {isa = PBXFileReference; lastKnownFileType = sourcecode.swift; path = PopAnimation.swift; sourceTree = "<group>"; };
		3BA8AE53235641210014D342 /* Montserrat-SemiBold.ttf */ = {isa = PBXFileReference; lastKnownFileType = file; path = "Montserrat-SemiBold.ttf"; sourceTree = "<group>"; };
		3BA8AE54235641210014D342 /* Montserrat-ThinItalic.ttf */ = {isa = PBXFileReference; lastKnownFileType = file; path = "Montserrat-ThinItalic.ttf"; sourceTree = "<group>"; };
		3BA8AE55235641210014D342 /* Montserrat-ExtraLightItalic.ttf */ = {isa = PBXFileReference; lastKnownFileType = file; path = "Montserrat-ExtraLightItalic.ttf"; sourceTree = "<group>"; };
		3BA8AE56235641210014D342 /* Montserrat-MediumItalic.ttf */ = {isa = PBXFileReference; lastKnownFileType = file; path = "Montserrat-MediumItalic.ttf"; sourceTree = "<group>"; };
		3BA8AE57235641210014D342 /* Montserrat-ExtraBoldItalic.ttf */ = {isa = PBXFileReference; lastKnownFileType = file; path = "Montserrat-ExtraBoldItalic.ttf"; sourceTree = "<group>"; };
		3BA8AE58235641210014D342 /* Montserrat-Medium.ttf */ = {isa = PBXFileReference; lastKnownFileType = file; path = "Montserrat-Medium.ttf"; sourceTree = "<group>"; };
		3BA8AE59235641220014D342 /* Montserrat-ExtraLight.ttf */ = {isa = PBXFileReference; lastKnownFileType = file; path = "Montserrat-ExtraLight.ttf"; sourceTree = "<group>"; };
		3BA8AE5A235641220014D342 /* Montserrat-Black.ttf */ = {isa = PBXFileReference; lastKnownFileType = file; path = "Montserrat-Black.ttf"; sourceTree = "<group>"; };
		3BA8AE5B235641220014D342 /* Montserrat-BoldItalic.ttf */ = {isa = PBXFileReference; lastKnownFileType = file; path = "Montserrat-BoldItalic.ttf"; sourceTree = "<group>"; };
		3BA8AE5C235641220014D342 /* Montserrat-LightItalic.ttf */ = {isa = PBXFileReference; lastKnownFileType = file; path = "Montserrat-LightItalic.ttf"; sourceTree = "<group>"; };
		3BA8AE5D235641220014D342 /* Montserrat-Regular.ttf */ = {isa = PBXFileReference; lastKnownFileType = file; path = "Montserrat-Regular.ttf"; sourceTree = "<group>"; };
		3BA8AE5E235641220014D342 /* Montserrat-SemiBoldItalic.ttf */ = {isa = PBXFileReference; lastKnownFileType = file; path = "Montserrat-SemiBoldItalic.ttf"; sourceTree = "<group>"; };
		3BA8AE5F235641220014D342 /* Montserrat-ExtraBold.ttf */ = {isa = PBXFileReference; lastKnownFileType = file; path = "Montserrat-ExtraBold.ttf"; sourceTree = "<group>"; };
		3BA8AE60235641230014D342 /* Montserrat-Thin.ttf */ = {isa = PBXFileReference; lastKnownFileType = file; path = "Montserrat-Thin.ttf"; sourceTree = "<group>"; };
		3BA8AE61235641230014D342 /* Montserrat-Light.ttf */ = {isa = PBXFileReference; lastKnownFileType = file; path = "Montserrat-Light.ttf"; sourceTree = "<group>"; };
		3BA8AE62235641230014D342 /* Montserrat-Bold.ttf */ = {isa = PBXFileReference; lastKnownFileType = file; path = "Montserrat-Bold.ttf"; sourceTree = "<group>"; };
		3BA8AE63235641230014D342 /* Montserrat-Italic.ttf */ = {isa = PBXFileReference; lastKnownFileType = file; path = "Montserrat-Italic.ttf"; sourceTree = "<group>"; };
		3BA8AE64235641230014D342 /* Montserrat-BlackItalic.ttf */ = {isa = PBXFileReference; lastKnownFileType = file; path = "Montserrat-BlackItalic.ttf"; sourceTree = "<group>"; };
		3BA8AE78235648D20014D342 /* UIButtonExtention.swift */ = {isa = PBXFileReference; lastKnownFileType = sourcecode.swift; path = UIButtonExtention.swift; sourceTree = "<group>"; };
		3BD172932368303200230C36 /* PhotoCell.swift */ = {isa = PBXFileReference; lastKnownFileType = sourcecode.swift; path = PhotoCell.swift; sourceTree = "<group>"; };
		3BDE3D1D2366C483007BC297 /* BaseViewController.swift */ = {isa = PBXFileReference; lastKnownFileType = sourcecode.swift; path = BaseViewController.swift; sourceTree = "<group>"; };
		3BF3BA022358011E00F6A903 /* DetailViewController.swift */ = {isa = PBXFileReference; lastKnownFileType = sourcecode.swift; path = DetailViewController.swift; sourceTree = "<group>"; };
/* End PBXFileReference section */

/* Begin PBXFrameworksBuildPhase section */
		3B0E20F22355CFF9005C5644 /* Frameworks */ = {
			isa = PBXFrameworksBuildPhase;
			buildActionMask = 2147483647;
			files = (
			);
			runOnlyForDeploymentPostprocessing = 0;
		};
		3B0E21082355D007005C5644 /* Frameworks */ = {
			isa = PBXFrameworksBuildPhase;
			buildActionMask = 2147483647;
			files = (
			);
			runOnlyForDeploymentPostprocessing = 0;
		};
		3B0E21132355D008005C5644 /* Frameworks */ = {
			isa = PBXFrameworksBuildPhase;
			buildActionMask = 2147483647;
			files = (
			);
			runOnlyForDeploymentPostprocessing = 0;
		};
/* End PBXFrameworksBuildPhase section */

/* Begin PBXGroup section */
		3B0E20EC2355CFF9005C5644 = {
			isa = PBXGroup;
			children = (
				3B0E20F72355CFF9005C5644 /* craft */,
				3B0E210E2355D007005C5644 /* craftTests */,
				3B0E21192355D008005C5644 /* craftUITests */,
				3B0E20F62355CFF9005C5644 /* Products */,
			);
			sourceTree = "<group>";
		};
		3B0E20F62355CFF9005C5644 /* Products */ = {
			isa = PBXGroup;
			children = (
				3B0E20F52355CFF9005C5644 /* craft.app */,
				3B0E210B2355D007005C5644 /* craftTests.xctest */,
				3B0E21162355D008005C5644 /* craftUITests.xctest */,
			);
			name = Products;
			sourceTree = "<group>";
		};
		3B0E20F72355CFF9005C5644 /* craft */ = {
			isa = PBXGroup;
			children = (
				3B4D9242235EF9EE00B973CD /* Layouts */,
				3B4D923D235EE6D100B973CD /* Models */,
				3B4D923A235EE57600B973CD /* Cells */,
				3B17741F235778B4009FAF1A /* ViewControllers */,
				3BA8AE77235648B90014D342 /* CocoaExtentions */,
				3B0E21312355D8AA005C5644 /* CustomViews */,
				3B0E212E2355D3C0005C5644 /* Constants */,
				3B0E21292355D12F005C5644 /* Fonts */,
				3B0E20F82355CFF9005C5644 /* AppDelegate.swift */,
				3B0E20FA2355CFF9005C5644 /* SceneDelegate.swift */,
				3B0E20FE2355CFF9005C5644 /* Main.storyboard */,
				3B0E21012355D007005C5644 /* Assets.xcassets */,
				3B0E21032355D007005C5644 /* LaunchScreen.storyboard */,
				3B0E21062355D007005C5644 /* Info.plist */,
			);
			path = craft;
			sourceTree = "<group>";
		};
		3B0E210E2355D007005C5644 /* craftTests */ = {
			isa = PBXGroup;
			children = (
				3B0E210F2355D007005C5644 /* craftTests.swift */,
				3B0E21112355D007005C5644 /* Info.plist */,
			);
			path = craftTests;
			sourceTree = "<group>";
		};
		3B0E21192355D008005C5644 /* craftUITests */ = {
			isa = PBXGroup;
			children = (
				3B0E211A2355D008005C5644 /* craftUITests.swift */,
				3B0E211C2355D008005C5644 /* Info.plist */,
			);
			path = craftUITests;
			sourceTree = "<group>";
		};
		3B0E21292355D12F005C5644 /* Fonts */ = {
			isa = PBXGroup;
			children = (
				3BA8AE5A235641220014D342 /* Montserrat-Black.ttf */,
				3BA8AE64235641230014D342 /* Montserrat-BlackItalic.ttf */,
				3BA8AE62235641230014D342 /* Montserrat-Bold.ttf */,
				3BA8AE5B235641220014D342 /* Montserrat-BoldItalic.ttf */,
				3BA8AE5F235641220014D342 /* Montserrat-ExtraBold.ttf */,
				3BA8AE57235641210014D342 /* Montserrat-ExtraBoldItalic.ttf */,
				3BA8AE59235641220014D342 /* Montserrat-ExtraLight.ttf */,
				3BA8AE55235641210014D342 /* Montserrat-ExtraLightItalic.ttf */,
				3BA8AE63235641230014D342 /* Montserrat-Italic.ttf */,
				3BA8AE61235641230014D342 /* Montserrat-Light.ttf */,
				3BA8AE5C235641220014D342 /* Montserrat-LightItalic.ttf */,
				3BA8AE58235641210014D342 /* Montserrat-Medium.ttf */,
				3BA8AE56235641210014D342 /* Montserrat-MediumItalic.ttf */,
				3BA8AE5D235641220014D342 /* Montserrat-Regular.ttf */,
				3BA8AE53235641210014D342 /* Montserrat-SemiBold.ttf */,
				3BA8AE5E235641220014D342 /* Montserrat-SemiBoldItalic.ttf */,
				3BA8AE60235641230014D342 /* Montserrat-Thin.ttf */,
				3BA8AE54235641210014D342 /* Montserrat-ThinItalic.ttf */,
				3B0E212C2355D17F005C5644 /* Aisha Script.ttf */,
			);
			path = Fonts;
			sourceTree = "<group>";
		};
		3B0E212E2355D3C0005C5644 /* Constants */ = {
			isa = PBXGroup;
			children = (
				3B0E212F2355D3D2005C5644 /* ColorExtentions.swift */,
			);
			path = Constants;
			sourceTree = "<group>";
		};
		3B0E21312355D8AA005C5644 /* CustomViews */ = {
			isa = PBXGroup;
			children = (
				3B0E21342355D902005C5644 /* TitleView.swift */,
				3B0E21382355D9A9005C5644 /* TitleView.xib */,
				3B0E213A2355E07E005C5644 /* TitleStackView.swift */,
				3B0D4CDE2359A08E00AAB123 /* CustomUICollectionView.swift */,
			);
			path = CustomViews;
			sourceTree = "<group>";
		};
		3B17741F235778B4009FAF1A /* ViewControllers */ = {
			isa = PBXGroup;
			children = (
				3B0E20FC2355CFF9005C5644 /* CategoryController.swift */,
				3BF3BA022358011E00F6A903 /* DetailViewController.swift */,
				3B0D4CE22359A6C500AAB123 /* RecommendationViewController.swift */,
				3B7D74FC235F3AAF0016BF9E /* AnimationViewController.swift */,
				3B7E9AAD23618FE100894EE5 /* PopAnimation.swift */,
				3BDE3D1D2366C483007BC297 /* BaseViewController.swift */,
			);
			path = ViewControllers;
			sourceTree = "<group>";
		};
		3B4D923A235EE57600B973CD /* Cells */ = {
			isa = PBXGroup;
			children = (
				3B4D923B235EE58900B973CD /* ProductCell.swift */,
				3BD172932368303200230C36 /* PhotoCell.swift */,
			);
			path = Cells;
			sourceTree = "<group>";
		};
		3B4D923D235EE6D100B973CD /* Models */ = {
			isa = PBXGroup;
			children = (
				3B4D923E235EE6DF00B973CD /* Product.swift */,
			);
			path = Models;
			sourceTree = "<group>";
		};
		3B4D9242235EF9EE00B973CD /* Layouts */ = {
			isa = PBXGroup;
			children = (
				3B4D9243235EFA1700B973CD /* ProductLayout.swift */,
				3B33B0F423684DC3001FEF5F /* PinLayout.swift */,
			);
			path = Layouts;
			sourceTree = "<group>";
		};
		3BA8AE77235648B90014D342 /* CocoaExtentions */ = {
			isa = PBXGroup;
			children = (
				3BA8AE78235648D20014D342 /* UIButtonExtention.swift */,
				3B0D4CE02359A63200AAB123 /* UIImageExtention.swift */,
				3B4D9240235EEA8C00B973CD /* PremetiveExtension.swift */,
			);
			path = CocoaExtentions;
			sourceTree = "<group>";
		};
/* End PBXGroup section */

/* Begin PBXNativeTarget section */
		3B0E20F42355CFF9005C5644 /* craft */ = {
			isa = PBXNativeTarget;
			buildConfigurationList = 3B0E211F2355D008005C5644 /* Build configuration list for PBXNativeTarget "craft" */;
			buildPhases = (
				3B0E20F12355CFF9005C5644 /* Sources */,
				3B0E20F22355CFF9005C5644 /* Frameworks */,
				3B0E20F32355CFF9005C5644 /* Resources */,
			);
			buildRules = (
			);
			dependencies = (
			);
			name = craft;
			productName = craft;
			productReference = 3B0E20F52355CFF9005C5644 /* craft.app */;
			productType = "com.apple.product-type.application";
		};
		3B0E210A2355D007005C5644 /* craftTests */ = {
			isa = PBXNativeTarget;
			buildConfigurationList = 3B0E21222355D008005C5644 /* Build configuration list for PBXNativeTarget "craftTests" */;
			buildPhases = (
				3B0E21072355D007005C5644 /* Sources */,
				3B0E21082355D007005C5644 /* Frameworks */,
				3B0E21092355D007005C5644 /* Resources */,
			);
			buildRules = (
			);
			dependencies = (
				3B0E210D2355D007005C5644 /* PBXTargetDependency */,
			);
			name = craftTests;
			productName = craftTests;
			productReference = 3B0E210B2355D007005C5644 /* craftTests.xctest */;
			productType = "com.apple.product-type.bundle.unit-test";
		};
		3B0E21152355D008005C5644 /* craftUITests */ = {
			isa = PBXNativeTarget;
			buildConfigurationList = 3B0E21252355D008005C5644 /* Build configuration list for PBXNativeTarget "craftUITests" */;
			buildPhases = (
				3B0E21122355D008005C5644 /* Sources */,
				3B0E21132355D008005C5644 /* Frameworks */,
				3B0E21142355D008005C5644 /* Resources */,
			);
			buildRules = (
			);
			dependencies = (
				3B0E21182355D008005C5644 /* PBXTargetDependency */,
			);
			name = craftUITests;
			productName = craftUITests;
			productReference = 3B0E21162355D008005C5644 /* craftUITests.xctest */;
			productType = "com.apple.product-type.bundle.ui-testing";
		};
/* End PBXNativeTarget section */

/* Begin PBXProject section */
		3B0E20ED2355CFF9005C5644 /* Project object */ = {
			isa = PBXProject;
			attributes = {
				LastSwiftUpdateCheck = 1100;
				LastUpgradeCheck = 1100;
				ORGANIZATIONNAME = "Nguyen Quy Trung";
				TargetAttributes = {
					3B0E20F42355CFF9005C5644 = {
						CreatedOnToolsVersion = 11.0;
					};
					3B0E210A2355D007005C5644 = {
						CreatedOnToolsVersion = 11.0;
						TestTargetID = 3B0E20F42355CFF9005C5644;
					};
					3B0E21152355D008005C5644 = {
						CreatedOnToolsVersion = 11.0;
						TestTargetID = 3B0E20F42355CFF9005C5644;
					};
				};
			};
			buildConfigurationList = 3B0E20F02355CFF9005C5644 /* Build configuration list for PBXProject "craft" */;
			compatibilityVersion = "Xcode 9.3";
			developmentRegion = en;
			hasScannedForEncodings = 0;
			knownRegions = (
				en,
				Base,
			);
			mainGroup = 3B0E20EC2355CFF9005C5644;
			productRefGroup = 3B0E20F62355CFF9005C5644 /* Products */;
			projectDirPath = "";
			projectRoot = "";
			targets = (
				3B0E20F42355CFF9005C5644 /* craft */,
				3B0E210A2355D007005C5644 /* craftTests */,
				3B0E21152355D008005C5644 /* craftUITests */,
			);
		};
/* End PBXProject section */

/* Begin PBXResourcesBuildPhase section */
		3B0E20F32355CFF9005C5644 /* Resources */ = {
			isa = PBXResourcesBuildPhase;
			buildActionMask = 2147483647;
			files = (
				3BA8AE73235641230014D342 /* Montserrat-Light.ttf in Resources */,
				3BA8AE6F235641230014D342 /* Montserrat-Regular.ttf in Resources */,
				3BA8AE65235641230014D342 /* Montserrat-SemiBold.ttf in Resources */,
				3BA8AE6B235641230014D342 /* Montserrat-ExtraLight.ttf in Resources */,
				3BA8AE67235641230014D342 /* Montserrat-ExtraLightItalic.ttf in Resources */,
				3BA8AE66235641230014D342 /* Montserrat-ThinItalic.ttf in Resources */,
				3BA8AE72235641230014D342 /* Montserrat-Thin.ttf in Resources */,
				3BA8AE76235641230014D342 /* Montserrat-BlackItalic.ttf in Resources */,
				3BA8AE6C235641230014D342 /* Montserrat-Black.ttf in Resources */,
				3B0E21392355D9A9005C5644 /* TitleView.xib in Resources */,
				3BA8AE71235641230014D342 /* Montserrat-ExtraBold.ttf in Resources */,
				3BA8AE68235641230014D342 /* Montserrat-MediumItalic.ttf in Resources */,
				3B0E21052355D007005C5644 /* LaunchScreen.storyboard in Resources */,
				3BA8AE6E235641230014D342 /* Montserrat-LightItalic.ttf in Resources */,
				3BA8AE75235641230014D342 /* Montserrat-Italic.ttf in Resources */,
				3BA8AE6D235641230014D342 /* Montserrat-BoldItalic.ttf in Resources */,
				3B0E21022355D007005C5644 /* Assets.xcassets in Resources */,
				3BA8AE69235641230014D342 /* Montserrat-ExtraBoldItalic.ttf in Resources */,
				3B0E21002355CFF9005C5644 /* Main.storyboard in Resources */,
				3BA8AE6A235641230014D342 /* Montserrat-Medium.ttf in Resources */,
				3B0E212D2355D17F005C5644 /* Aisha Script.ttf in Resources */,
				3BA8AE70235641230014D342 /* Montserrat-SemiBoldItalic.ttf in Resources */,
				3BA8AE74235641230014D342 /* Montserrat-Bold.ttf in Resources */,
			);
			runOnlyForDeploymentPostprocessing = 0;
		};
		3B0E21092355D007005C5644 /* Resources */ = {
			isa = PBXResourcesBuildPhase;
			buildActionMask = 2147483647;
			files = (
			);
			runOnlyForDeploymentPostprocessing = 0;
		};
		3B0E21142355D008005C5644 /* Resources */ = {
			isa = PBXResourcesBuildPhase;
			buildActionMask = 2147483647;
			files = (
			);
			runOnlyForDeploymentPostprocessing = 0;
		};
/* End PBXResourcesBuildPhase section */

/* Begin PBXSourcesBuildPhase section */
		3B0E20F12355CFF9005C5644 /* Sources */ = {
			isa = PBXSourcesBuildPhase;
			buildActionMask = 2147483647;
			files = (
				3B4D9244235EFA1700B973CD /* ProductLayout.swift in Sources */,
				3B7E9AAE23618FE100894EE5 /* PopAnimation.swift in Sources */,
				3B0E21302355D3D2005C5644 /* ColorExtentions.swift in Sources */,
				3B33B0F523684DC3001FEF5F /* PinLayout.swift in Sources */,
				3B0E20FD2355CFF9005C5644 /* CategoryController.swift in Sources */,
				3B0E20F92355CFF9005C5644 /* AppDelegate.swift in Sources */,
				3BDE3D1E2366C483007BC297 /* BaseViewController.swift in Sources */,
				3BA8AE79235648D20014D342 /* UIButtonExtention.swift in Sources */,
				3B0E20FB2355CFF9005C5644 /* SceneDelegate.swift in Sources */,
				3B0D4CE32359A6C500AAB123 /* RecommendationViewController.swift in Sources */,
				3B7D74FD235F3AAF0016BF9E /* AnimationViewController.swift in Sources */,
				3B0E213B2355E07E005C5644 /* TitleStackView.swift in Sources */,
				3BD172942368303200230C36 /* PhotoCell.swift in Sources */,
				3B4D9241235EEA8C00B973CD /* PremetiveExtension.swift in Sources */,
				3B0D4CDF2359A08E00AAB123 /* CustomUICollectionView.swift in Sources */,
				3B0E21352355D902005C5644 /* TitleView.swift in Sources */,
				3B4D923C235EE58900B973CD /* ProductCell.swift in Sources */,
				3B0D4CE12359A63200AAB123 /* UIImageExtention.swift in Sources */,
				3BF3BA032358011E00F6A903 /* DetailViewController.swift in Sources */,
				3B4D923F235EE6DF00B973CD /* Product.swift in Sources */,
			);
			runOnlyForDeploymentPostprocessing = 0;
		};
		3B0E21072355D007005C5644 /* Sources */ = {
			isa = PBXSourcesBuildPhase;
			buildActionMask = 2147483647;
			files = (
				3B0E21102355D007005C5644 /* craftTests.swift in Sources */,
			);
			runOnlyForDeploymentPostprocessing = 0;
		};
		3B0E21122355D008005C5644 /* Sources */ = {
			isa = PBXSourcesBuildPhase;
			buildActionMask = 2147483647;
			files = (
				3B0E211B2355D008005C5644 /* craftUITests.swift in Sources */,
			);
			runOnlyForDeploymentPostprocessing = 0;
		};
/* End PBXSourcesBuildPhase section */

/* Begin PBXTargetDependency section */
		3B0E210D2355D007005C5644 /* PBXTargetDependency */ = {
			isa = PBXTargetDependency;
			target = 3B0E20F42355CFF9005C5644 /* craft */;
			targetProxy = 3B0E210C2355D007005C5644 /* PBXContainerItemProxy */;
		};
		3B0E21182355D008005C5644 /* PBXTargetDependency */ = {
			isa = PBXTargetDependency;
			target = 3B0E20F42355CFF9005C5644 /* craft */;
			targetProxy = 3B0E21172355D008005C5644 /* PBXContainerItemProxy */;
		};
/* End PBXTargetDependency section */

/* Begin PBXVariantGroup section */
		3B0E20FE2355CFF9005C5644 /* Main.storyboard */ = {
			isa = PBXVariantGroup;
			children = (
				3B0E20FF2355CFF9005C5644 /* Base */,
			);
			name = Main.storyboard;
			sourceTree = "<group>";
		};
		3B0E21032355D007005C5644 /* LaunchScreen.storyboard */ = {
			isa = PBXVariantGroup;
			children = (
				3B0E21042355D007005C5644 /* Base */,
			);
			name = LaunchScreen.storyboard;
			sourceTree = "<group>";
		};
/* End PBXVariantGroup section */

/* Begin XCBuildConfiguration section */
		3B0E211D2355D008005C5644 /* Debug */ = {
			isa = XCBuildConfiguration;
			buildSettings = {
				ALWAYS_SEARCH_USER_PATHS = NO;
				CLANG_ANALYZER_NONNULL = YES;
				CLANG_ANALYZER_NUMBER_OBJECT_CONVERSION = YES_AGGRESSIVE;
				CLANG_CXX_LANGUAGE_STANDARD = "gnu++14";
				CLANG_CXX_LIBRARY = "libc++";
				CLANG_ENABLE_MODULES = YES;
				CLANG_ENABLE_OBJC_ARC = YES;
				CLANG_ENABLE_OBJC_WEAK = YES;
				CLANG_WARN_BLOCK_CAPTURE_AUTORELEASING = YES;
				CLANG_WARN_BOOL_CONVERSION = YES;
				CLANG_WARN_COMMA = YES;
				CLANG_WARN_CONSTANT_CONVERSION = YES;
				CLANG_WARN_DEPRECATED_OBJC_IMPLEMENTATIONS = YES;
				CLANG_WARN_DIRECT_OBJC_ISA_USAGE = YES_ERROR;
				CLANG_WARN_DOCUMENTATION_COMMENTS = YES;
				CLANG_WARN_EMPTY_BODY = YES;
				CLANG_WARN_ENUM_CONVERSION = YES;
				CLANG_WARN_INFINITE_RECURSION = YES;
				CLANG_WARN_INT_CONVERSION = YES;
				CLANG_WARN_NON_LITERAL_NULL_CONVERSION = YES;
				CLANG_WARN_OBJC_IMPLICIT_RETAIN_SELF = YES;
				CLANG_WARN_OBJC_LITERAL_CONVERSION = YES;
				CLANG_WARN_OBJC_ROOT_CLASS = YES_ERROR;
				CLANG_WARN_RANGE_LOOP_ANALYSIS = YES;
				CLANG_WARN_STRICT_PROTOTYPES = YES;
				CLANG_WARN_SUSPICIOUS_MOVE = YES;
				CLANG_WARN_UNGUARDED_AVAILABILITY = YES_AGGRESSIVE;
				CLANG_WARN_UNREACHABLE_CODE = YES;
				CLANG_WARN__DUPLICATE_METHOD_MATCH = YES;
				COPY_PHASE_STRIP = NO;
				DEBUG_INFORMATION_FORMAT = dwarf;
				ENABLE_STRICT_OBJC_MSGSEND = YES;
				ENABLE_TESTABILITY = YES;
				GCC_C_LANGUAGE_STANDARD = gnu11;
				GCC_DYNAMIC_NO_PIC = NO;
				GCC_NO_COMMON_BLOCKS = YES;
				GCC_OPTIMIZATION_LEVEL = 0;
				GCC_PREPROCESSOR_DEFINITIONS = (
					"DEBUG=1",
					"$(inherited)",
				);
				GCC_WARN_64_TO_32_BIT_CONVERSION = YES;
				GCC_WARN_ABOUT_RETURN_TYPE = YES_ERROR;
				GCC_WARN_UNDECLARED_SELECTOR = YES;
				GCC_WARN_UNINITIALIZED_AUTOS = YES_AGGRESSIVE;
				GCC_WARN_UNUSED_FUNCTION = YES;
				GCC_WARN_UNUSED_VARIABLE = YES;
				IPHONEOS_DEPLOYMENT_TARGET = 13.0;
				MTL_ENABLE_DEBUG_INFO = INCLUDE_SOURCE;
				MTL_FAST_MATH = YES;
				ONLY_ACTIVE_ARCH = YES;
				SDKROOT = iphoneos;
				SWIFT_ACTIVE_COMPILATION_CONDITIONS = DEBUG;
				SWIFT_OPTIMIZATION_LEVEL = "-Onone";
			};
			name = Debug;
		};
		3B0E211E2355D008005C5644 /* Release */ = {
			isa = XCBuildConfiguration;
			buildSettings = {
				ALWAYS_SEARCH_USER_PATHS = NO;
				CLANG_ANALYZER_NONNULL = YES;
				CLANG_ANALYZER_NUMBER_OBJECT_CONVERSION = YES_AGGRESSIVE;
				CLANG_CXX_LANGUAGE_STANDARD = "gnu++14";
				CLANG_CXX_LIBRARY = "libc++";
				CLANG_ENABLE_MODULES = YES;
				CLANG_ENABLE_OBJC_ARC = YES;
				CLANG_ENABLE_OBJC_WEAK = YES;
				CLANG_WARN_BLOCK_CAPTURE_AUTORELEASING = YES;
				CLANG_WARN_BOOL_CONVERSION = YES;
				CLANG_WARN_COMMA = YES;
				CLANG_WARN_CONSTANT_CONVERSION = YES;
				CLANG_WARN_DEPRECATED_OBJC_IMPLEMENTATIONS = YES;
				CLANG_WARN_DIRECT_OBJC_ISA_USAGE = YES_ERROR;
				CLANG_WARN_DOCUMENTATION_COMMENTS = YES;
				CLANG_WARN_EMPTY_BODY = YES;
				CLANG_WARN_ENUM_CONVERSION = YES;
				CLANG_WARN_INFINITE_RECURSION = YES;
				CLANG_WARN_INT_CONVERSION = YES;
				CLANG_WARN_NON_LITERAL_NULL_CONVERSION = YES;
				CLANG_WARN_OBJC_IMPLICIT_RETAIN_SELF = YES;
				CLANG_WARN_OBJC_LITERAL_CONVERSION = YES;
				CLANG_WARN_OBJC_ROOT_CLASS = YES_ERROR;
				CLANG_WARN_RANGE_LOOP_ANALYSIS = YES;
				CLANG_WARN_STRICT_PROTOTYPES = YES;
				CLANG_WARN_SUSPICIOUS_MOVE = YES;
				CLANG_WARN_UNGUARDED_AVAILABILITY = YES_AGGRESSIVE;
				CLANG_WARN_UNREACHABLE_CODE = YES;
				CLANG_WARN__DUPLICATE_METHOD_MATCH = YES;
				COPY_PHASE_STRIP = NO;
				DEBUG_INFORMATION_FORMAT = "dwarf-with-dsym";
				ENABLE_NS_ASSERTIONS = NO;
				ENABLE_STRICT_OBJC_MSGSEND = YES;
				GCC_C_LANGUAGE_STANDARD = gnu11;
				GCC_NO_COMMON_BLOCKS = YES;
				GCC_WARN_64_TO_32_BIT_CONVERSION = YES;
				GCC_WARN_ABOUT_RETURN_TYPE = YES_ERROR;
				GCC_WARN_UNDECLARED_SELECTOR = YES;
				GCC_WARN_UNINITIALIZED_AUTOS = YES_AGGRESSIVE;
				GCC_WARN_UNUSED_FUNCTION = YES;
				GCC_WARN_UNUSED_VARIABLE = YES;
				IPHONEOS_DEPLOYMENT_TARGET = 13.0;
				MTL_ENABLE_DEBUG_INFO = NO;
				MTL_FAST_MATH = YES;
				SDKROOT = iphoneos;
				SWIFT_COMPILATION_MODE = wholemodule;
				SWIFT_OPTIMIZATION_LEVEL = "-O";
				VALIDATE_PRODUCT = YES;
			};
			name = Release;
		};
		3B0E21202355D008005C5644 /* Debug */ = {
			isa = XCBuildConfiguration;
			buildSettings = {
				ASSETCATALOG_COMPILER_APPICON_NAME = AppIcon;
				CODE_SIGN_STYLE = Automatic;
				DEVELOPMENT_TEAM = TQA7E42H8S;
				INFOPLIST_FILE = craft/Info.plist;
				LD_RUNPATH_SEARCH_PATHS = (
					"$(inherited)",
					"@executable_path/Frameworks",
				);
				PRODUCT_BUNDLE_IDENTIFIER = com.trung.craft;
				PRODUCT_NAME = "$(TARGET_NAME)";
				SWIFT_VERSION = 5.0;
				TARGETED_DEVICE_FAMILY = "1,2";
			};
			name = Debug;
		};
		3B0E21212355D008005C5644 /* Release */ = {
			isa = XCBuildConfiguration;
			buildSettings = {
				ASSETCATALOG_COMPILER_APPICON_NAME = AppIcon;
				CODE_SIGN_STYLE = Automatic;
				DEVELOPMENT_TEAM = TQA7E42H8S;
				INFOPLIST_FILE = craft/Info.plist;
				LD_RUNPATH_SEARCH_PATHS = (
					"$(inherited)",
					"@executable_path/Frameworks",
				);
				PRODUCT_BUNDLE_IDENTIFIER = com.trung.craft;
				PRODUCT_NAME = "$(TARGET_NAME)";
				SWIFT_VERSION = 5.0;
				TARGETED_DEVICE_FAMILY = "1,2";
			};
			name = Release;
		};
		3B0E21232355D008005C5644 /* Debug */ = {
			isa = XCBuildConfiguration;
			buildSettings = {
				ALWAYS_EMBED_SWIFT_STANDARD_LIBRARIES = YES;
				BUNDLE_LOADER = "$(TEST_HOST)";
				CODE_SIGN_STYLE = Automatic;
				INFOPLIST_FILE = craftTests/Info.plist;
				IPHONEOS_DEPLOYMENT_TARGET = 13.0;
				LD_RUNPATH_SEARCH_PATHS = (
					"$(inherited)",
					"@executable_path/Frameworks",
					"@loader_path/Frameworks",
				);
				PRODUCT_BUNDLE_IDENTIFIER = com.trung.craftTests;
				PRODUCT_NAME = "$(TARGET_NAME)";
				SWIFT_VERSION = 5.0;
				TARGETED_DEVICE_FAMILY = "1,2";
				TEST_HOST = "$(BUILT_PRODUCTS_DIR)/craft.app/craft";
			};
			name = Debug;
		};
		3B0E21242355D008005C5644 /* Release */ = {
			isa = XCBuildConfiguration;
			buildSettings = {
				ALWAYS_EMBED_SWIFT_STANDARD_LIBRARIES = YES;
				BUNDLE_LOADER = "$(TEST_HOST)";
				CODE_SIGN_STYLE = Automatic;
				INFOPLIST_FILE = craftTests/Info.plist;
				IPHONEOS_DEPLOYMENT_TARGET = 13.0;
				LD_RUNPATH_SEARCH_PATHS = (
					"$(inherited)",
					"@executable_path/Frameworks",
					"@loader_path/Frameworks",
				);
				PRODUCT_BUNDLE_IDENTIFIER = com.trung.craftTests;
				PRODUCT_NAME = "$(TARGET_NAME)";
				SWIFT_VERSION = 5.0;
				TARGETED_DEVICE_FAMILY = "1,2";
				TEST_HOST = "$(BUILT_PRODUCTS_DIR)/craft.app/craft";
			};
			name = Release;
		};
		3B0E21262355D008005C5644 /* Debug */ = {
			isa = XCBuildConfiguration;
			buildSettings = {
				ALWAYS_EMBED_SWIFT_STANDARD_LIBRARIES = YES;
				CODE_SIGN_STYLE = Automatic;
				INFOPLIST_FILE = craftUITests/Info.plist;
				LD_RUNPATH_SEARCH_PATHS = (
					"$(inherited)",
					"@executable_path/Frameworks",
					"@loader_path/Frameworks",
				);
				PRODUCT_BUNDLE_IDENTIFIER = com.trung.craftUITests;
				PRODUCT_NAME = "$(TARGET_NAME)";
				SWIFT_VERSION = 5.0;
				TARGETED_DEVICE_FAMILY = "1,2";
				TEST_TARGET_NAME = craft;
			};
			name = Debug;
		};
		3B0E21272355D008005C5644 /* Release */ = {
			isa = XCBuildConfiguration;
			buildSettings = {
				ALWAYS_EMBED_SWIFT_STANDARD_LIBRARIES = YES;
				CODE_SIGN_STYLE = Automatic;
				INFOPLIST_FILE = craftUITests/Info.plist;
				LD_RUNPATH_SEARCH_PATHS = (
					"$(inherited)",
					"@executable_path/Frameworks",
					"@loader_path/Frameworks",
				);
				PRODUCT_BUNDLE_IDENTIFIER = com.trung.craftUITests;
				PRODUCT_NAME = "$(TARGET_NAME)";
				SWIFT_VERSION = 5.0;
				TARGETED_DEVICE_FAMILY = "1,2";
				TEST_TARGET_NAME = craft;
			};
			name = Release;
		};
/* End XCBuildConfiguration section */

/* Begin XCConfigurationList section */
		3B0E20F02355CFF9005C5644 /* Build configuration list for PBXProject "craft" */ = {
			isa = XCConfigurationList;
			buildConfigurations = (
				3B0E211D2355D008005C5644 /* Debug */,
				3B0E211E2355D008005C5644 /* Release */,
			);
			defaultConfigurationIsVisible = 0;
			defaultConfigurationName = Release;
		};
		3B0E211F2355D008005C5644 /* Build configuration list for PBXNativeTarget "craft" */ = {
			isa = XCConfigurationList;
			buildConfigurations = (
				3B0E21202355D008005C5644 /* Debug */,
				3B0E21212355D008005C5644 /* Release */,
			);
			defaultConfigurationIsVisible = 0;
			defaultConfigurationName = Release;
		};
		3B0E21222355D008005C5644 /* Build configuration list for PBXNativeTarget "craftTests" */ = {
			isa = XCConfigurationList;
			buildConfigurations = (
				3B0E21232355D008005C5644 /* Debug */,
				3B0E21242355D008005C5644 /* Release */,
			);
			defaultConfigurationIsVisible = 0;
			defaultConfigurationName = Release;
		};
		3B0E21252355D008005C5644 /* Build configuration list for PBXNativeTarget "craftUITests" */ = {
			isa = XCConfigurationList;
			buildConfigurations = (
				3B0E21262355D008005C5644 /* Debug */,
				3B0E21272355D008005C5644 /* Release */,
			);
			defaultConfigurationIsVisible = 0;
			defaultConfigurationName = Release;
		};
/* End XCConfigurationList section */
	};
	rootObject = 3B0E20ED2355CFF9005C5644 /* Project object */;
}
